
Microsoft Visual Studio Solution File, Format Version 12.00
# Visual Studio Version 17
VisualStudioVersion = 17.3.32825.248
MinimumVisualStudioVersion = 10.0.40219.1
Project("{8BC9CEB8-8B4A-11D0-8D11-00A0C91BC942}") = "Subsurface scattering", "Subsurface scattering\Subsurface scattering.vcxproj", "{A813277D-A74A-48B4-B987-A071C1FCF9D0}"
EndProject
Global
	GlobalSection(SolutionConfigurationPlatforms) = preSolution
		Debug|x64 = Debug|x64
		Debug|x86 = Debug|x86
		Release|x64 = Release|x64
		Release|x86 = Release|x86
	EndGlobalSection
	GlobalSection(ProjectConfigurationPlatforms) = postSolution
		{A813277D-A74A-48B4-B987-A071C1FCF9D0}.Debug|x64.ActiveCfg = Debug|x64
		{A813277D-A74A-48B4-B987-A071C1FCF9D0}.Debug|x64.Build.0 = Debug|x64
		{A813277D-A74A-48B4-B987-A071C1FCF9D0}.Debug|x86.ActiveCfg = Debug|Win32
		{A813277D-A74A-48B4-B987-A071C1FCF9D0}.Debug|x86.Build.0 = Debug|Win32
		{A813277D-A74A-48B4-B987-A071C1FCF9D0}.Release|x64.ActiveCfg = Release|x64
		{A813277D-A74A-48B4-B987-A071C1FCF9D0}.Release|x64.Build.0 = Release|x64
		{A813277D-A74A-48B4-B987-A071C1FCF9D0}.Release|x86.ActiveCfg = Release|Win32
		{A813277D-A74A-48B4-B987-A071C1FCF9D0}.Release|x86.Build.0 = Release|Win32
	EndGlobalSection
	GlobalSection(SolutionProperties) = preSolution
		HideSolutionNode = FALSE
	EndGlobalSection
	GlobalSection(ExtensibilityGlobals) = postSolution
		SolutionGuid = {D2A2C35D-4210-45B6-A55F-56E493CD53BE}
	EndGlobalSection
EndGlobal
